// !$*UTF8*$!
{
	archiveVersion = 1;
	classes = {
	};
	objectVersion = 56;
	objects = {

/* Begin PBXBuildFile section */
		AB3150EB2D81ED4E00E08445 /* VisionApp.swift in Sources */ = {isa = PBXBuildFile; fileRef = AB3150EA2D81ED4E00E08445 /* VisionApp.swift */; };
		AB3150ED2D81ED4E00E08445 /* ContentView.swift in Sources */ = {isa = PBXBuildFile; fileRef = AB3150EC2D81ED4E00E08445 /* ContentView.swift */; };
		AB3150EF2D81ED5000E08445 /* Assets.xcassets in Resources */ = {isa = PBXBuildFile; fileRef = AB3150EE2D81ED5000E08445 /* Assets.xcassets */; };
		AB3150F22D81ED5000E08445 /* Preview Assets.xcassets in Resources */ = {isa = PBXBuildFile; fileRef = AB3150F12D81ED5000E08445 /* Preview Assets.xcassets */; };
		AB3150FC2D81ED5100E08445 /* VisionTests.swift in Sources */ = {isa = PBXBuildFile; fileRef = AB3150FB2D81ED5100E08445 /* VisionTests.swift */; };
		AB3151062D81ED5100E08445 /* VisionUITests.swift in Sources */ = {isa = PBXBuildFile; fileRef = AB3151052D81ED5100E08445 /* VisionUITests.swift */; };
		AB3151082D81ED5100E08445 /* VisionUITestsLaunchTests.swift in Sources */ = {isa = PBXBuildFile; fileRef = AB3151072D81ED5100E08445 /* VisionUITestsLaunchTests.swift */; };
		AB3151172D81EDF400E08445 /* FrameHandler.swift in Sources */ = {isa = PBXBuildFile; fileRef = AB3151162D81EDF400E08445 /* FrameHandler.swift */; };
		AB3151192D81EE1F00E08445 /* FrameView.swift in Sources */ = {isa = PBXBuildFile; fileRef = AB3151182D81EE1F00E08445 /* FrameView.swift */; };
		AB31511B2D81EEF000E08445 /* VisionService.swift in Sources */ = {isa = PBXBuildFile; fileRef = AB31511A2D81EEF000E08445 /* VisionService.swift */; };
		AB31511D2D81EF2000E08445 /* VisionBackend.swift in Sources */ = {isa = PBXBuildFile; fileRef = AB31511C2D81EF2000E08445 /* VisionBackend.swift */; };
		AB31511F2D81EF4E00E08445 /* OpenAIService.swift in Sources */ = {isa = PBXBuildFile; fileRef = AB31511E2D81EF4E00E08445 /* OpenAIService.swift */; };
		AB6B5E932D947B3E00E1BE37 /* CompanionView.swift in Sources */ = {isa = PBXBuildFile; fileRef = AB6B5E922D947B3D00E1BE37 /* CompanionView.swift */; };
/* End PBXBuildFile section */

/* Begin PBXContainerItemProxy section */
		AB3150F82D81ED5100E08445 /* PBXContainerItemProxy */ = {
			isa = PBXContainerItemProxy;
			containerPortal = AB3150DF2D81ED4E00E08445 /* Project object */;
			proxyType = 1;
			remoteGlobalIDString = AB3150E62D81ED4E00E08445;
			remoteInfo = Vision;
		};
		AB3151022D81ED5100E08445 /* PBXContainerItemProxy */ = {
			isa = PBXContainerItemProxy;
			containerPortal = AB3150DF2D81ED4E00E08445 /* Project object */;
			proxyType = 1;
			remoteGlobalIDString = AB3150E62D81ED4E00E08445;
			remoteInfo = Vision;
		};
/* End PBXContainerItemProxy section */

/* Begin PBXFileReference section */
		AB3150E72D81ED4E00E08445 /* Vision.app */ = {isa = PBXFileReference; explicitFileType = wrapper.application; includeInIndex = 0; path = Vision.app; sourceTree = BUILT_PRODUCTS_DIR; };
		AB3150EA2D81ED4E00E08445 /* VisionApp.swift */ = {isa = PBXFileReference; lastKnownFileType = sourcecode.swift; path = VisionApp.swift; sourceTree = "<group>"; };
		AB3150EC2D81ED4E00E08445 /* ContentView.swift */ = {isa = PBXFileReference; lastKnownFileType = sourcecode.swift; path = ContentView.swift; sourceTree = "<group>"; };
		AB3150EE2D81ED5000E08445 /* Assets.xcassets */ = {isa = PBXFileReference; lastKnownFileType = folder.assetcatalog; path = Assets.xcassets; sourceTree = "<group>"; };
		AB3150F12D81ED5000E08445 /* Preview Assets.xcassets */ = {isa = PBXFileReference; lastKnownFileType = folder.assetcatalog; path = "Preview Assets.xcassets"; sourceTree = "<group>"; };
		AB3150F72D81ED5100E08445 /* VisionTests.xctest */ = {isa = PBXFileReference; explicitFileType = wrapper.cfbundle; includeInIndex = 0; path = VisionTests.xctest; sourceTree = BUILT_PRODUCTS_DIR; };
		AB3150FB2D81ED5100E08445 /* VisionTests.swift */ = {isa = PBXFileReference; lastKnownFileType = sourcecode.swift; path = VisionTests.swift; sourceTree = "<group>"; };
		AB3151012D81ED5100E08445 /* VisionUITests.xctest */ = {isa = PBXFileReference; explicitFileType = wrapper.cfbundle; includeInIndex = 0; path = VisionUITests.xctest; sourceTree = BUILT_PRODUCTS_DIR; };
		AB3151052D81ED5100E08445 /* VisionUITests.swift */ = {isa = PBXFileReference; lastKnownFileType = sourcecode.swift; path = VisionUITests.swift; sourceTree = "<group>"; };
		AB3151072D81ED5100E08445 /* VisionUITestsLaunchTests.swift */ = {isa = PBXFileReference; lastKnownFileType = sourcecode.swift; path = VisionUITestsLaunchTests.swift; sourceTree = "<group>"; };
		AB3151162D81EDF400E08445 /* FrameHandler.swift */ = {isa = PBXFileReference; lastKnownFileType = sourcecode.swift; path = FrameHandler.swift; sourceTree = "<group>"; };
		AB3151182D81EE1F00E08445 /* FrameView.swift */ = {isa = PBXFileReference; lastKnownFileType = sourcecode.swift; path = FrameView.swift; sourceTree = "<group>"; };
		AB31511A2D81EEF000E08445 /* VisionService.swift */ = {isa = PBXFileReference; lastKnownFileType = sourcecode.swift; path = VisionService.swift; sourceTree = "<group>"; };
		AB31511C2D81EF2000E08445 /* VisionBackend.swift */ = {isa = PBXFileReference; lastKnownFileType = sourcecode.swift; path = VisionBackend.swift; sourceTree = "<group>"; };
		AB31511E2D81EF4E00E08445 /* OpenAIService.swift */ = {isa = PBXFileReference; lastKnownFileType = sourcecode.swift; path = OpenAIService.swift; sourceTree = "<group>"; };
		AB6B5E922D947B3D00E1BE37 /* CompanionView.swift */ = {isa = PBXFileReference; lastKnownFileType = sourcecode.swift; path = CompanionView.swift; sourceTree = "<group>"; };
/* End PBXFileReference section */

/* Begin PBXFrameworksBuildPhase section */
		AB3150E42D81ED4E00E08445 /* Frameworks */ = {
			isa = PBXFrameworksBuildPhase;
			buildActionMask = 2147483647;
			files = (
			);
			runOnlyForDeploymentPostprocessing = 0;
		};
		AB3150F42D81ED5100E08445 /* Frameworks */ = {
			isa = PBXFrameworksBuildPhase;
			buildActionMask = 2147483647;
			files = (
			);
			runOnlyForDeploymentPostprocessing = 0;
		};
		AB3150FE2D81ED5100E08445 /* Frameworks */ = {
			isa = PBXFrameworksBuildPhase;
			buildActionMask = 2147483647;
			files = (
			);
			runOnlyForDeploymentPostprocessing = 0;
		};
/* End PBXFrameworksBuildPhase section */

/* Begin PBXGroup section */
		AB3150DE2D81ED4E00E08445 = {
			isa = PBXGroup;
			children = (
				AB3150E92D81ED4E00E08445 /* Vision */,
				AB3150FA2D81ED5100E08445 /* VisionTests */,
				AB3151042D81ED5100E08445 /* VisionUITests */,
				AB3150E82D81ED4E00E08445 /* Products */,
			);
			sourceTree = "<group>";
		};
		AB3150E82D81ED4E00E08445 /* Products */ = {
			isa = PBXGroup;
			children = (
				AB3150E72D81ED4E00E08445 /* Vision.app */,
				AB3150F72D81ED5100E08445 /* VisionTests.xctest */,
				AB3151012D81ED5100E08445 /* VisionUITests.xctest */,
			);
			name = Products;
			sourceTree = "<group>";
		};
		AB3150E92D81ED4E00E08445 /* Vision */ = {
			isa = PBXGroup;
			children = (
				AB6B5E912D947B2800E1BE37 /* Companion */,
				AB3150EA2D81ED4E00E08445 /* VisionApp.swift */,
				AB3150EC2D81ED4E00E08445 /* ContentView.swift */,
				AB3150EE2D81ED5000E08445 /* Assets.xcassets */,
				AB3150F02D81ED5000E08445 /* Preview Content */,
				AB3151162D81EDF400E08445 /* FrameHandler.swift */,
				AB3151182D81EE1F00E08445 /* FrameView.swift */,
				AB31511A2D81EEF000E08445 /* VisionService.swift */,
				AB31511C2D81EF2000E08445 /* VisionBackend.swift */,
				AB31511E2D81EF4E00E08445 /* OpenAIService.swift */,
			);
			path = Vision;
			sourceTree = "<group>";
		};
		AB3150F02D81ED5000E08445 /* Preview Content */ = {
			isa = PBXGroup;
			children = (
				AB3150F12D81ED5000E08445 /* Preview Assets.xcassets */,
			);
			path = "Preview Content";
			sourceTree = "<group>";
		};
		AB3150FA2D81ED5100E08445 /* VisionTests */ = {
			isa = PBXGroup;
			children = (
				AB3150FB2D81ED5100E08445 /* VisionTests.swift */,
			);
			path = VisionTests;
			sourceTree = "<group>";
		};
		AB3151042D81ED5100E08445 /* VisionUITests */ = {
			isa = PBXGroup;
			children = (
				AB3151052D81ED5100E08445 /* VisionUITests.swift */,
				AB3151072D81ED5100E08445 /* VisionUITestsLaunchTests.swift */,
			);
			path = VisionUITests;
			sourceTree = "<group>";
		};
		AB6B5E912D947B2800E1BE37 /* Companion */ = {
			isa = PBXGroup;
			children = (
				AB6B5E922D947B3D00E1BE37 /* CompanionView.swift */,
			);
			path = Companion;
			sourceTree = "<group>";
		};
/* End PBXGroup section */

/* Begin PBXNativeTarget section */
		AB3150E62D81ED4E00E08445 /* Vision */ = {
			isa = PBXNativeTarget;
			buildConfigurationList = AB31510B2D81ED5100E08445 /* Build configuration list for PBXNativeTarget "Vision" */;
			buildPhases = (
				AB3150E32D81ED4E00E08445 /* Sources */,
				AB3150E42D81ED4E00E08445 /* Frameworks */,
				AB3150E52D81ED4E00E08445 /* Resources */,
			);
			buildRules = (
			);
			dependencies = (
			);
			name = Vision;
			productName = Vision;
			productReference = AB3150E72D81ED4E00E08445 /* Vision.app */;
			productType = "com.apple.product-type.application";
		};
		AB3150F62D81ED5100E08445 /* VisionTests */ = {
			isa = PBXNativeTarget;
			buildConfigurationList = AB31510E2D81ED5100E08445 /* Build configuration list for PBXNativeTarget "VisionTests" */;
			buildPhases = (
				AB3150F32D81ED5100E08445 /* Sources */,
				AB3150F42D81ED5100E08445 /* Frameworks */,
				AB3150F52D81ED5100E08445 /* Resources */,
			);
			buildRules = (
			);
			dependencies = (
				AB3150F92D81ED5100E08445 /* PBXTargetDependency */,
			);
			name = VisionTests;
			productName = VisionTests;
			productReference = AB3150F72D81ED5100E08445 /* VisionTests.xctest */;
			productType = "com.apple.product-type.bundle.unit-test";
		};
		AB3151002D81ED5100E08445 /* VisionUITests */ = {
			isa = PBXNativeTarget;
			buildConfigurationList = AB3151112D81ED5100E08445 /* Build configuration list for PBXNativeTarget "VisionUITests" */;
			buildPhases = (
				AB3150FD2D81ED5100E08445 /* Sources */,
				AB3150FE2D81ED5100E08445 /* Frameworks */,
				AB3150FF2D81ED5100E08445 /* Resources */,
			);
			buildRules = (
			);
			dependencies = (
				AB3151032D81ED5100E08445 /* PBXTargetDependency */,
			);
			name = VisionUITests;
			productName = VisionUITests;
			productReference = AB3151012D81ED5100E08445 /* VisionUITests.xctest */;
			productType = "com.apple.product-type.bundle.ui-testing";
		};
/* End PBXNativeTarget section */

/* Begin PBXProject section */
		AB3150DF2D81ED4E00E08445 /* Project object */ = {
			isa = PBXProject;
			attributes = {
				BuildIndependentTargetsInParallel = 1;
				LastSwiftUpdateCheck = 1510;
				LastUpgradeCheck = 1510;
				TargetAttributes = {
					AB3150E62D81ED4E00E08445 = {
						CreatedOnToolsVersion = 15.1;
					};
					AB3150F62D81ED5100E08445 = {
						CreatedOnToolsVersion = 15.1;
						TestTargetID = AB3150E62D81ED4E00E08445;
					};
					AB3151002D81ED5100E08445 = {
						CreatedOnToolsVersion = 15.1;
						TestTargetID = AB3150E62D81ED4E00E08445;
					};
				};
			};
			buildConfigurationList = AB3150E22D81ED4E00E08445 /* Build configuration list for PBXProject "Vision" */;
			compatibilityVersion = "Xcode 14.0";
			developmentRegion = en;
			hasScannedForEncodings = 0;
			knownRegions = (
				en,
				Base,
			);
			mainGroup = AB3150DE2D81ED4E00E08445;
			productRefGroup = AB3150E82D81ED4E00E08445 /* Products */;
			projectDirPath = "";
			projectRoot = "";
			targets = (
				AB3150E62D81ED4E00E08445 /* Vision */,
				AB3150F62D81ED5100E08445 /* VisionTests */,
				AB3151002D81ED5100E08445 /* VisionUITests */,
			);
		};
/* End PBXProject section */

/* Begin PBXResourcesBuildPhase section */
		AB3150E52D81ED4E00E08445 /* Resources */ = {
			isa = PBXResourcesBuildPhase;
			buildActionMask = 2147483647;
			files = (
				AB3150F22D81ED5000E08445 /* Preview Assets.xcassets in Resources */,
				AB3150EF2D81ED5000E08445 /* Assets.xcassets in Resources */,
			);
			runOnlyForDeploymentPostprocessing = 0;
		};
		AB3150F52D81ED5100E08445 /* Resources */ = {
			isa = PBXResourcesBuildPhase;
			buildActionMask = 2147483647;
			files = (
			);
			runOnlyForDeploymentPostprocessing = 0;
		};
		AB3150FF2D81ED5100E08445 /* Resources */ = {
			isa = PBXResourcesBuildPhase;
			buildActionMask = 2147483647;
			files = (
			);
			runOnlyForDeploymentPostprocessing = 0;
		};
/* End PBXResourcesBuildPhase section */

/* Begin PBXSourcesBuildPhase section */
		AB3150E32D81ED4E00E08445 /* Sources */ = {
			isa = PBXSourcesBuildPhase;
			buildActionMask = 2147483647;
			files = (
				AB31511F2D81EF4E00E08445 /* OpenAIService.swift in Sources */,
				AB3151192D81EE1F00E08445 /* FrameView.swift in Sources */,
				AB3150ED2D81ED4E00E08445 /* ContentView.swift in Sources */,
				AB31511D2D81EF2000E08445 /* VisionBackend.swift in Sources */,
				AB3151172D81EDF400E08445 /* FrameHandler.swift in Sources */,
				AB6B5E932D947B3E00E1BE37 /* CompanionView.swift in Sources */,
				AB3150EB2D81ED4E00E08445 /* VisionApp.swift in Sources */,
				AB31511B2D81EEF000E08445 /* VisionService.swift in Sources */,
			);
			runOnlyForDeploymentPostprocessing = 0;
		};
		AB3150F32D81ED5100E08445 /* Sources */ = {
			isa = PBXSourcesBuildPhase;
			buildActionMask = 2147483647;
			files = (
				AB3150FC2D81ED5100E08445 /* VisionTests.swift in Sources */,
			);
			runOnlyForDeploymentPostprocessing = 0;
		};
		AB3150FD2D81ED5100E08445 /* Sources */ = {
			isa = PBXSourcesBuildPhase;
			buildActionMask = 2147483647;
			files = (
				AB3151082D81ED5100E08445 /* VisionUITestsLaunchTests.swift in Sources */,
				AB3151062D81ED5100E08445 /* VisionUITests.swift in Sources */,
			);
			runOnlyForDeploymentPostprocessing = 0;
		};
/* End PBXSourcesBuildPhase section */

/* Begin PBXTargetDependency section */
		AB3150F92D81ED5100E08445 /* PBXTargetDependency */ = {
			isa = PBXTargetDependency;
			target = AB3150E62D81ED4E00E08445 /* Vision */;
			targetProxy = AB3150F82D81ED5100E08445 /* PBXContainerItemProxy */;
		};
		AB3151032D81ED5100E08445 /* PBXTargetDependency */ = {
			isa = PBXTargetDependency;
			target = AB3150E62D81ED4E00E08445 /* Vision */;
			targetProxy = AB3151022D81ED5100E08445 /* PBXContainerItemProxy */;
		};
/* End PBXTargetDependency section */

/* Begin XCBuildConfiguration section */
		AB3151092D81ED5100E08445 /* Debug */ = {
			isa = XCBuildConfiguration;
			buildSettings = {
				ALWAYS_SEARCH_USER_PATHS = NO;
				ASSETCATALOG_COMPILER_GENERATE_SWIFT_ASSET_SYMBOL_EXTENSIONS = YES;
				CLANG_ANALYZER_NONNULL = YES;
				CLANG_ANALYZER_NUMBER_OBJECT_CONVERSION = YES_AGGRESSIVE;
				CLANG_CXX_LANGUAGE_STANDARD = "gnu++20";
				CLANG_ENABLE_MODULES = YES;
				CLANG_ENABLE_OBJC_ARC = YES;
				CLANG_ENABLE_OBJC_WEAK = YES;
				CLANG_WARN_BLOCK_CAPTURE_AUTORELEASING = YES;
				CLANG_WARN_BOOL_CONVERSION = YES;
				CLANG_WARN_COMMA = YES;
				CLANG_WARN_CONSTANT_CONVERSION = YES;
				CLANG_WARN_DEPRECATED_OBJC_IMPLEMENTATIONS = YES;
				CLANG_WARN_DIRECT_OBJC_ISA_USAGE = YES_ERROR;
				CLANG_WARN_DOCUMENTATION_COMMENTS = YES;
				CLANG_WARN_EMPTY_BODY = YES;
				CLANG_WARN_ENUM_CONVERSION = YES;
				CLANG_WARN_INFINITE_RECURSION = YES;
				CLANG_WARN_INT_CONVERSION = YES;
				CLANG_WARN_NON_LITERAL_NULL_CONVERSION = YES;
				CLANG_WARN_OBJC_IMPLICIT_RETAIN_SELF = YES;
				CLANG_WARN_OBJC_LITERAL_CONVERSION = YES;
				CLANG_WARN_OBJC_ROOT_CLASS = YES_ERROR;
				CLANG_WARN_QUOTED_INCLUDE_IN_FRAMEWORK_HEADER = YES;
				CLANG_WARN_RANGE_LOOP_ANALYSIS = YES;
				CLANG_WARN_STRICT_PROTOTYPES = YES;
				CLANG_WARN_SUSPICIOUS_MOVE = YES;
				CLANG_WARN_UNGUARDED_AVAILABILITY = YES_AGGRESSIVE;
				CLANG_WARN_UNREACHABLE_CODE = YES;
				CLANG_WARN__DUPLICATE_METHOD_MATCH = YES;
				COPY_PHASE_STRIP = NO;
				DEBUG_INFORMATION_FORMAT = dwarf;
				ENABLE_STRICT_OBJC_MSGSEND = YES;
				ENABLE_TESTABILITY = YES;
				ENABLE_USER_SCRIPT_SANDBOXING = YES;
				GCC_C_LANGUAGE_STANDARD = gnu17;
				GCC_DYNAMIC_NO_PIC = NO;
				GCC_NO_COMMON_BLOCKS = YES;
				GCC_OPTIMIZATION_LEVEL = 0;
				GCC_PREPROCESSOR_DEFINITIONS = (
					"DEBUG=1",
					"$(inherited)",
				);
				GCC_WARN_64_TO_32_BIT_CONVERSION = YES;
				GCC_WARN_ABOUT_RETURN_TYPE = YES_ERROR;
				GCC_WARN_UNDECLARED_SELECTOR = YES;
				GCC_WARN_UNINITIALIZED_AUTOS = YES_AGGRESSIVE;
				GCC_WARN_UNUSED_FUNCTION = YES;
				GCC_WARN_UNUSED_VARIABLE = YES;
				IPHONEOS_DEPLOYMENT_TARGET = 17.2;
				LOCALIZATION_PREFERS_STRING_CATALOGS = YES;
				MTL_ENABLE_DEBUG_INFO = INCLUDE_SOURCE;
				MTL_FAST_MATH = YES;
				ONLY_ACTIVE_ARCH = YES;
				SDKROOT = iphoneos;
				SWIFT_ACTIVE_COMPILATION_CONDITIONS = "DEBUG $(inherited)";
				SWIFT_OPTIMIZATION_LEVEL = "-Onone";
			};
			name = Debug;
		};
		AB31510A2D81ED5100E08445 /* Release */ = {
			isa = XCBuildConfiguration;
			buildSettings = {
				ALWAYS_SEARCH_USER_PATHS = NO;
				ASSETCATALOG_COMPILER_GENERATE_SWIFT_ASSET_SYMBOL_EXTENSIONS = YES;
				CLANG_ANALYZER_NONNULL = YES;
				CLANG_ANALYZER_NUMBER_OBJECT_CONVERSION = YES_AGGRESSIVE;
				CLANG_CXX_LANGUAGE_STANDARD = "gnu++20";
				CLANG_ENABLE_MODULES = YES;
				CLANG_ENABLE_OBJC_ARC = YES;
				CLANG_ENABLE_OBJC_WEAK = YES;
				CLANG_WARN_BLOCK_CAPTURE_AUTORELEASING = YES;
				CLANG_WARN_BOOL_CONVERSION = YES;
				CLANG_WARN_COMMA = YES;
				CLANG_WARN_CONSTANT_CONVERSION = YES;
				CLANG_WARN_DEPRECATED_OBJC_IMPLEMENTATIONS = YES;
				CLANG_WARN_DIRECT_OBJC_ISA_USAGE = YES_ERROR;
				CLANG_WARN_DOCUMENTATION_COMMENTS = YES;
				CLANG_WARN_EMPTY_BODY = YES;
				CLANG_WARN_ENUM_CONVERSION = YES;
				CLANG_WARN_INFINITE_RECURSION = YES;
				CLANG_WARN_INT_CONVERSION = YES;
				CLANG_WARN_NON_LITERAL_NULL_CONVERSION = YES;
				CLANG_WARN_OBJC_IMPLICIT_RETAIN_SELF = YES;
				CLANG_WARN_OBJC_LITERAL_CONVERSION = YES;
				CLANG_WARN_OBJC_ROOT_CLASS = YES_ERROR;
				CLANG_WARN_QUOTED_INCLUDE_IN_FRAMEWORK_HEADER = YES;
				CLANG_WARN_RANGE_LOOP_ANALYSIS = YES;
				CLANG_WARN_STRICT_PROTOTYPES = YES;
				CLANG_WARN_SUSPICIOUS_MOVE = YES;
				CLANG_WARN_UNGUARDED_AVAILABILITY = YES_AGGRESSIVE;
				CLANG_WARN_UNREACHABLE_CODE = YES;
				CLANG_WARN__DUPLICATE_METHOD_MATCH = YES;
				COPY_PHASE_STRIP = NO;
				DEBUG_INFORMATION_FORMAT = "dwarf-with-dsym";
				ENABLE_NS_ASSERTIONS = NO;
				ENABLE_STRICT_OBJC_MSGSEND = YES;
				ENABLE_USER_SCRIPT_SANDBOXING = YES;
				GCC_C_LANGUAGE_STANDARD = gnu17;
				GCC_NO_COMMON_BLOCKS = YES;
				GCC_WARN_64_TO_32_BIT_CONVERSION = YES;
				GCC_WARN_ABOUT_RETURN_TYPE = YES_ERROR;
				GCC_WARN_UNDECLARED_SELECTOR = YES;
				GCC_WARN_UNINITIALIZED_AUTOS = YES_AGGRESSIVE;
				GCC_WARN_UNUSED_FUNCTION = YES;
				GCC_WARN_UNUSED_VARIABLE = YES;
				IPHONEOS_DEPLOYMENT_TARGET = 17.2;
				LOCALIZATION_PREFERS_STRING_CATALOGS = YES;
				MTL_ENABLE_DEBUG_INFO = NO;
				MTL_FAST_MATH = YES;
				SDKROOT = iphoneos;
				SWIFT_COMPILATION_MODE = wholemodule;
				VALIDATE_PRODUCT = YES;
			};
			name = Release;
		};
		AB31510C2D81ED5100E08445 /* Debug */ = {
			isa = XCBuildConfiguration;
			buildSettings = {
				ASSETCATALOG_COMPILER_APPICON_NAME = AppIcon;
				ASSETCATALOG_COMPILER_GLOBAL_ACCENT_COLOR_NAME = AccentColor;
				CODE_SIGN_STYLE = Automatic;
				CURRENT_PROJECT_VERSION = 1;
				DEVELOPMENT_ASSET_PATHS = "\"Vision/Preview Content\"";
				DEVELOPMENT_TEAM = 3C4T9ZXP3R;
				ENABLE_PREVIEWS = YES;
				GENERATE_INFOPLIST_FILE = YES;
				INFOPLIST_KEY_NSCameraUsageDescription = "Allow Camera for Vision";
				INFOPLIST_KEY_NSMicrophoneUsageDescription = "Allow Microphone for AI Companion";
				INFOPLIST_KEY_UIApplicationSceneManifest_Generation = YES;
				INFOPLIST_KEY_UIApplicationSupportsIndirectInputEvents = YES;
				INFOPLIST_KEY_UILaunchScreen_Generation = YES;
				INFOPLIST_KEY_UISupportedInterfaceOrientations_iPad = "UIInterfaceOrientationPortrait UIInterfaceOrientationPortraitUpsideDown UIInterfaceOrientationLandscapeLeft UIInterfaceOrientationLandscapeRight";
				INFOPLIST_KEY_UISupportedInterfaceOrientations_iPhone = "UIInterfaceOrientationPortrait UIInterfaceOrientationLandscapeLeft UIInterfaceOrientationLandscapeRight";
				LD_RUNPATH_SEARCH_PATHS = (
					"$(inherited)",
					"@executable_path/Frameworks",
				);
				MARKETING_VERSION = 1.0;
				PRODUCT_BUNDLE_IDENTIFIER = htu.Vision;
				PRODUCT_NAME = "$(TARGET_NAME)";
				SWIFT_EMIT_LOC_STRINGS = YES;
				SWIFT_VERSION = 5.0;
				TARGETED_DEVICE_FAMILY = "1,2";
			};
			name = Debug;
		};
		AB31510D2D81ED5100E08445 /* Release */ = {
			isa = XCBuildConfiguration;
			buildSettings = {
				ASSETCATALOG_COMPILER_APPICON_NAME = AppIcon;
				ASSETCATALOG_COMPILER_GLOBAL_ACCENT_COLOR_NAME = AccentColor;
				CODE_SIGN_STYLE = Automatic;
				CURRENT_PROJECT_VERSION = 1;
				DEVELOPMENT_ASSET_PATHS = "\"Vision/Preview Content\"";
				DEVELOPMENT_TEAM = 3C4T9ZXP3R;
				ENABLE_PREVIEWS = YES;
				GENERATE_INFOPLIST_FILE = YES;
				INFOPLIST_KEY_NSCameraUsageDescription = "Allow Camera for Vision";
				INFOPLIST_KEY_NSMicrophoneUsageDescription = "Allow Microphone for AI Companion";
				INFOPLIST_KEY_UIApplicationSceneManifest_Generation = YES;
				INFOPLIST_KEY_UIApplicationSupportsIndirectInputEvents = YES;
				INFOPLIST_KEY_UILaunchScreen_Generation = YES;
				INFOPLIST_KEY_UISupportedInterfaceOrientations_iPad = "UIInterfaceOrientationPortrait UIInterfaceOrientationPortraitUpsideDown UIInterfaceOrientationLandscapeLeft UIInterfaceOrientationLandscapeRight";
				INFOPLIST_KEY_UISupportedInterfaceOrientations_iPhone = "UIInterfaceOrientationPortrait UIInterfaceOrientationLandscapeLeft UIInterfaceOrientationLandscapeRight";
				LD_RUNPATH_SEARCH_PATHS = (
					"$(inherited)",
					"@executable_path/Frameworks",
				);
				MARKETING_VERSION = 1.0;
				PRODUCT_BUNDLE_IDENTIFIER = htu.Vision;
				PRODUCT_NAME = "$(TARGET_NAME)";
				SWIFT_EMIT_LOC_STRINGS = YES;
				SWIFT_VERSION = 5.0;
				TARGETED_DEVICE_FAMILY = "1,2";
			};
			name = Release;
		};
		AB31510F2D81ED5100E08445 /* Debug */ = {
			isa = XCBuildConfiguration;
			buildSettings = {
				ALWAYS_EMBED_SWIFT_STANDARD_LIBRARIES = YES;
				BUNDLE_LOADER = "$(TEST_HOST)";
				CODE_SIGN_STYLE = Automatic;
				CURRENT_PROJECT_VERSION = 1;
				DEVELOPMENT_TEAM = 3C4T9ZXP3R;
				GENERATE_INFOPLIST_FILE = YES;
				IPHONEOS_DEPLOYMENT_TARGET = 17.2;
				MARKETING_VERSION = 1.0;
				PRODUCT_BUNDLE_IDENTIFIER = htu.VisionTests;
				PRODUCT_NAME = "$(TARGET_NAME)";
				SWIFT_EMIT_LOC_STRINGS = NO;
				SWIFT_VERSION = 5.0;
				TARGETED_DEVICE_FAMILY = "1,2";
				TEST_HOST = "$(BUILT_PRODUCTS_DIR)/Vision.app/$(BUNDLE_EXECUTABLE_FOLDER_PATH)/Vision";
			};
			name = Debug;
		};
		AB3151102D81ED5100E08445 /* Release */ = {
			isa = XCBuildConfiguration;
			buildSettings = {
				ALWAYS_EMBED_SWIFT_STANDARD_LIBRARIES = YES;
				BUNDLE_LOADER = "$(TEST_HOST)";
				CODE_SIGN_STYLE = Automatic;
				CURRENT_PROJECT_VERSION = 1;
				DEVELOPMENT_TEAM = 3C4T9ZXP3R;
				GENERATE_INFOPLIST_FILE = YES;
				IPHONEOS_DEPLOYMENT_TARGET = 17.2;
				MARKETING_VERSION = 1.0;
				PRODUCT_BUNDLE_IDENTIFIER = htu.VisionTests;
				PRODUCT_NAME = "$(TARGET_NAME)";
				SWIFT_EMIT_LOC_STRINGS = NO;
				SWIFT_VERSION = 5.0;
				TARGETED_DEVICE_FAMILY = "1,2";
				TEST_HOST = "$(BUILT_PRODUCTS_DIR)/Vision.app/$(BUNDLE_EXECUTABLE_FOLDER_PATH)/Vision";
			};
			name = Release;
		};
		AB3151122D81ED5100E08445 /* Debug */ = {
			isa = XCBuildConfiguration;
			buildSettings = {
				ALWAYS_EMBED_SWIFT_STANDARD_LIBRARIES = YES;
				CODE_SIGN_STYLE = Automatic;
				CURRENT_PROJECT_VERSION = 1;
				DEVELOPMENT_TEAM = 3C4T9ZXP3R;
				GENERATE_INFOPLIST_FILE = YES;
				MARKETING_VERSION = 1.0;
				PRODUCT_BUNDLE_IDENTIFIER = htu.VisionUITests;
				PRODUCT_NAME = "$(TARGET_NAME)";
				SWIFT_EMIT_LOC_STRINGS = NO;
				SWIFT_VERSION = 5.0;
				TARGETED_DEVICE_FAMILY = "1,2";
				TEST_TARGET_NAME = Vision;
			};
			name = Debug;
		};
		AB3151132D81ED5100E08445 /* Release */ = {
			isa = XCBuildConfiguration;
			buildSettings = {
				ALWAYS_EMBED_SWIFT_STANDARD_LIBRARIES = YES;
				CODE_SIGN_STYLE = Automatic;
				CURRENT_PROJECT_VERSION = 1;
				DEVELOPMENT_TEAM = 3C4T9ZXP3R;
				GENERATE_INFOPLIST_FILE = YES;
				MARKETING_VERSION = 1.0;
				PRODUCT_BUNDLE_IDENTIFIER = htu.VisionUITests;
				PRODUCT_NAME = "$(TARGET_NAME)";
				SWIFT_EMIT_LOC_STRINGS = NO;
				SWIFT_VERSION = 5.0;
				TARGETED_DEVICE_FAMILY = "1,2";
				TEST_TARGET_NAME = Vision;
			};
			name = Release;
		};
/* End XCBuildConfiguration section */

/* Begin XCConfigurationList section */
		AB3150E22D81ED4E00E08445 /* Build configuration list for PBXProject "Vision" */ = {
			isa = XCConfigurationList;
			buildConfigurations = (
				AB3151092D81ED5100E08445 /* Debug */,
				AB31510A2D81ED5100E08445 /* Release */,
			);
			defaultConfigurationIsVisible = 0;
			defaultConfigurationName = Release;
		};
		AB31510B2D81ED5100E08445 /* Build configuration list for PBXNativeTarget "Vision" */ = {
			isa = XCConfigurationList;
			buildConfigurations = (
				AB31510C2D81ED5100E08445 /* Debug */,
				AB31510D2D81ED5100E08445 /* Release */,
			);
			defaultConfigurationIsVisible = 0;
			defaultConfigurationName = Release;
		};
		AB31510E2D81ED5100E08445 /* Build configuration list for PBXNativeTarget "VisionTests" */ = {
			isa = XCConfigurationList;
			buildConfigurations = (
				AB31510F2D81ED5100E08445 /* Debug */,
				AB3151102D81ED5100E08445 /* Release */,
			);
			defaultConfigurationIsVisible = 0;
			defaultConfigurationName = Release;
		};
		AB3151112D81ED5100E08445 /* Build configuration list for PBXNativeTarget "VisionUITests" */ = {
			isa = XCConfigurationList;
			buildConfigurations = (
				AB3151122D81ED5100E08445 /* Debug */,
				AB3151132D81ED5100E08445 /* Release */,
			);
			defaultConfigurationIsVisible = 0;
			defaultConfigurationName = Release;
		};
/* End XCConfigurationList section */
	};
	rootObject = AB3150DF2D81ED4E00E08445 /* Project object */;
}
